
Microsoft Visual Studio Solution File, Format Version 12.00
# Visual Studio Version 17
VisualStudioVersion = 17.10.35013.160
MinimumVisualStudioVersion = 10.0.40219.1
Project("{FAE04EC0-301F-11D3-BF4B-00C04F79EFBC}") = "WebChatSignalR", "WebChatSignalR.csproj", "{1D3FCEFB-7241-43E0-A044-F2DE0F9A861F}"
EndProject
Global
	GlobalSection(SolutionConfigurationPlatforms) = preSolution
		Debug|Any CPU = Debug|Any CPU
		Release|Any CPU = Release|Any CPU
	EndGlobalSection
	GlobalSection(ProjectConfigurationPlatforms) = postSolution
		{1D3FCEFB-7241-43E0-A044-F2DE0F9A861F}.Debug|Any CPU.ActiveCfg = Debug|Any CPU
		{1D3FCEFB-7241-43E0-A044-F2DE0F9A861F}.Debug|Any CPU.Build.0 = Debug|Any CPU
		{1D3FCEFB-7241-43E0-A044-F2DE0F9A861F}.Release|Any CPU.ActiveCfg = Release|Any CPU
		{1D3FCEFB-7241-43E0-A044-F2DE0F9A861F}.Release|Any CPU.Build.0 = Release|Any CPU
	EndGlobalSection
	GlobalSection(SolutionProperties) = preSolution
		HideSolutionNode = FALSE
	EndGlobalSection
	GlobalSection(ExtensibilityGlobals) = postSolution
		SolutionGuid = {68CEB28A-B02C-4C63-B04E-61C18527A3BA}
	EndGlobalSection
EndGlobal
